
Microsoft Visual Studio Solution File, Format Version 12.00
# Visual Studio Version 17
VisualStudioVersion = 17.11.35208.52
MinimumVisualStudioVersion = 10.0.40219.1
Project("{9A19103F-16F7-4668-BE54-9A1E7A4F7556}") = "Ab3d.DXEngine.CadImporter", "Ab3d.DXEngine.CadImporter\Ab3d.DXEngine.CadImporter.csproj", "{05211DF8-F0C7-4017-8F6C-3E0D004CC152}"
EndProject
Global
	GlobalSection(SolutionConfigurationPlatforms) = preSolution
		Debug|Any CPU = Debug|Any CPU
		Release|Any CPU = Release|Any CPU
	EndGlobalSection
	GlobalSection(ProjectConfigurationPlatforms) = postSolution
		{05211DF8-F0C7-4017-8F6C-3E0D004CC152}.Debug|Any CPU.ActiveCfg = Debug|Any CPU
		{05211DF8-F0C7-4017-8F6C-3E0D004CC152}.Debug|Any CPU.Build.0 = Debug|Any CPU
		{05211DF8-F0C7-4017-8F6C-3E0D004CC152}.Release|Any CPU.ActiveCfg = Release|Any CPU
		{05211DF8-F0C7-4017-8F6C-3E0D004CC152}.Release|Any CPU.Build.0 = Release|Any CPU
	EndGlobalSection
	GlobalSection(SolutionProperties) = preSolution
		HideSolutionNode = FALSE
	EndGlobalSection
	GlobalSection(ExtensibilityGlobals) = postSolution
		SolutionGuid = {42BBAE34-D945-479E-96D7-D94CA78D218A}
	EndGlobalSection
EndGlobal
