
Microsoft Visual Studio Solution File, Format Version 12.00
# Visual Studio Version 17
VisualStudioVersion = 17.11.35208.52
MinimumVisualStudioVersion = 10.0.40219.1
Project("{9A19103F-16F7-4668-BE54-9A1E7A4F7556}") = "Ab4d.SharpEngine.CadImporter", "CadImporter\Ab4d.SharpEngine.CadImporter.csproj", "{93E7B423-D962-4D78-AF82-7EB478FD851B}"
EndProject
Global
	GlobalSection(SolutionConfigurationPlatforms) = preSolution
		Debug|x64 = Debug|x64
		Release|x64 = Release|x64
	EndGlobalSection
	GlobalSection(ProjectConfigurationPlatforms) = postSolution
		{93E7B423-D962-4D78-AF82-7EB478FD851B}.Debug|x64.ActiveCfg = Debug|Any CPU
		{93E7B423-D962-4D78-AF82-7EB478FD851B}.Debug|x64.Build.0 = Debug|Any CPU
		{93E7B423-D962-4D78-AF82-7EB478FD851B}.Release|x64.ActiveCfg = Release|Any CPU
		{93E7B423-D962-4D78-AF82-7EB478FD851B}.Release|x64.Build.0 = Release|Any CPU
	EndGlobalSection
	GlobalSection(SolutionProperties) = preSolution
		HideSolutionNode = FALSE
	EndGlobalSection
	GlobalSection(ExtensibilityGlobals) = postSolution
		SolutionGuid = {82AAAB43-55FC-46F7-9038-3058EB4D94B5}
	EndGlobalSection
EndGlobal
